
Microsoft Visual Studio Solution File, Format Version 12.00
# Visual Studio 15
VisualStudioVersion = 15.0.26730.12
MinimumVisualStudioVersion = 10.0.40219.1
Project("{FAE04EC0-301F-11D3-BF4B-00C04F79EFBC}") = "Marius Test.Plugins", "Marius Test.Plugins.csproj", "{63E261CA-AF40-B14C-740A-FEDEE3AC7014}"
EndProject
Project("{FAE04EC0-301F-11D3-BF4B-00C04F79EFBC}") = "Marius Test.Editor", "Marius Test.Editor.csproj", "{9CFA5174-E2D2-0D71-7C6B-A29C30416906}"
EndProject
Project("{FAE04EC0-301F-11D3-BF4B-00C04F79EFBC}") = "Marius Test.Editor.Plugins", "Marius Test.Editor.Plugins.csproj", "{601DDF36-A2E6-A937-272D-C713D970E0FF}"
EndProject
Project("{FAE04EC0-301F-11D3-BF4B-00C04F79EFBC}") = "Marius Test", "Marius Test.csproj", "{2891B10A-8541-2A74-4A7B-616FD37DEE49}"
EndProject
Global
	GlobalSection(SolutionConfigurationPlatforms) = preSolution
		Debug|Any CPU = Debug|Any CPU
		Release|Any CPU = Release|Any CPU
	EndGlobalSection
	GlobalSection(ProjectConfigurationPlatforms) = postSolution
		{63E261CA-AF40-B14C-740A-FEDEE3AC7014}.Debug|Any CPU.ActiveCfg = Debug|Any CPU
		{63E261CA-AF40-B14C-740A-FEDEE3AC7014}.Debug|Any CPU.Build.0 = Debug|Any CPU
		{63E261CA-AF40-B14C-740A-FEDEE3AC7014}.Release|Any CPU.ActiveCfg = Release|Any CPU
		{63E261CA-AF40-B14C-740A-FEDEE3AC7014}.Release|Any CPU.Build.0 = Release|Any CPU
		{9CFA5174-E2D2-0D71-7C6B-A29C30416906}.Debug|Any CPU.ActiveCfg = Debug|Any CPU
		{9CFA5174-E2D2-0D71-7C6B-A29C30416906}.Debug|Any CPU.Build.0 = Debug|Any CPU
		{9CFA5174-E2D2-0D71-7C6B-A29C30416906}.Release|Any CPU.ActiveCfg = Release|Any CPU
		{9CFA5174-E2D2-0D71-7C6B-A29C30416906}.Release|Any CPU.Build.0 = Release|Any CPU
		{601DDF36-A2E6-A937-272D-C713D970E0FF}.Debug|Any CPU.ActiveCfg = Debug|Any CPU
		{601DDF36-A2E6-A937-272D-C713D970E0FF}.Debug|Any CPU.Build.0 = Debug|Any CPU
		{601DDF36-A2E6-A937-272D-C713D970E0FF}.Release|Any CPU.ActiveCfg = Release|Any CPU
		{601DDF36-A2E6-A937-272D-C713D970E0FF}.Release|Any CPU.Build.0 = Release|Any CPU
		{2891B10A-8541-2A74-4A7B-616FD37DEE49}.Debug|Any CPU.ActiveCfg = Debug|Any CPU
		{2891B10A-8541-2A74-4A7B-616FD37DEE49}.Debug|Any CPU.Build.0 = Debug|Any CPU
		{2891B10A-8541-2A74-4A7B-616FD37DEE49}.Release|Any CPU.ActiveCfg = Release|Any CPU
		{2891B10A-8541-2A74-4A7B-616FD37DEE49}.Release|Any CPU.Build.0 = Release|Any CPU
	EndGlobalSection
	GlobalSection(SolutionProperties) = preSolution
		HideSolutionNode = FALSE
	EndGlobalSection
	GlobalSection(ExtensibilityGlobals) = postSolution
		SolutionGuid = {B902545A-A33D-4B31-8093-5CC82D0CD926}
	EndGlobalSection
EndGlobal
